
Microsoft Visual Studio Solution File, Format Version 12.00
# Visual Studio Version 17
VisualStudioVersion = 17.4.33213.308
MinimumVisualStudioVersion = 10.0.40219.1
Project("{FAE04EC0-301F-11D3-BF4B-00C04F79EFBC}") = "BookingClassManagementApi", "BookingClassManagementApi.csproj", "{10679295-1795-4162-9542-45DB84A1C6A0}"
EndProject
Global
	GlobalSection(SolutionConfigurationPlatforms) = preSolution
		Debug|Any CPU = Debug|Any CPU
		Release|Any CPU = Release|Any CPU
	EndGlobalSection
	GlobalSection(ProjectConfigurationPlatforms) = postSolution
		{10679295-1795-4162-9542-45DB84A1C6A0}.Debug|Any CPU.ActiveCfg = Debug|Any CPU
		{10679295-1795-4162-9542-45DB84A1C6A0}.Debug|Any CPU.Build.0 = Debug|Any CPU
		{10679295-1795-4162-9542-45DB84A1C6A0}.Release|Any CPU.ActiveCfg = Release|Any CPU
		{10679295-1795-4162-9542-45DB84A1C6A0}.Release|Any CPU.Build.0 = Release|Any CPU
	EndGlobalSection
	GlobalSection(SolutionProperties) = preSolution
		HideSolutionNode = FALSE
	EndGlobalSection
	GlobalSection(ExtensibilityGlobals) = postSolution
		SolutionGuid = {CF934527-7214-4FC6-8F9F-2785F5870403}
	EndGlobalSection
EndGlobal
